// !$*UTF8*$!
{
	archiveVersion = 1;
	classes = {
	};
	objectVersion = 48;
	objects = {

/* Begin PBXBuildFile section */
		04184EFA1FF873BB0049E75A /* AlbumTableViewController.swift in Sources */ = {isa = PBXBuildFile; fileRef = 04184EF91FF873BB0049E75A /* AlbumTableViewController.swift */; };
		04184EFC1FF877B60049E75A /* AlbumInfoTableViewCell.swift in Sources */ = {isa = PBXBuildFile; fileRef = 04184EFB1FF877B60049E75A /* AlbumInfoTableViewCell.swift */; };
		044159F71FF47B2000E024DF /* AppDelegate.swift in Sources */ = {isa = PBXBuildFile; fileRef = 044159F61FF47B2000E024DF /* AppDelegate.swift */; };
		044159F91FF47B2000E024DF /* PlayerViewController.swift in Sources */ = {isa = PBXBuildFile; fileRef = 044159F81FF47B2000E024DF /* PlayerViewController.swift */; };
		044159FC1FF47B2000E024DF /* Main.storyboard in Resources */ = {isa = PBXBuildFile; fileRef = 044159FA1FF47B2000E024DF /* Main.storyboard */; };
		044159FF1FF47B2000E024DF /* MusicStatistics.xcdatamodeld in Sources */ = {isa = PBXBuildFile; fileRef = 044159FD1FF47B2000E024DF /* MusicStatistics.xcdatamodeld */; };
		04415A011FF47B2000E024DF /* Assets.xcassets in Resources */ = {isa = PBXBuildFile; fileRef = 04415A001FF47B2000E024DF /* Assets.xcassets */; };
		04415A041FF47B2000E024DF /* LaunchScreen.storyboard in Resources */ = {isa = PBXBuildFile; fileRef = 04415A021FF47B2000E024DF /* LaunchScreen.storyboard */; };
		04415A0C1FF485E100E024DF /* SongTableViewController.swift in Sources */ = {isa = PBXBuildFile; fileRef = 04415A0B1FF485E100E024DF /* SongTableViewController.swift */; };
		04415A0E1FF52F9300E024DF /* InfoTableViewController.swift in Sources */ = {isa = PBXBuildFile; fileRef = 04415A0D1FF52F9300E024DF /* InfoTableViewController.swift */; };
		04415A101FF530A900E024DF /* InfoImageTableViewCell.swift in Sources */ = {isa = PBXBuildFile; fileRef = 04415A0F1FF530A900E024DF /* InfoImageTableViewCell.swift */; };
		04415A121FF563EB00E024DF /* AlbumCollectionViewController.swift in Sources */ = {isa = PBXBuildFile; fileRef = 04415A111FF563EB00E024DF /* AlbumCollectionViewController.swift */; };
		04415A141FF57CD900E024DF /* AlbumCollectionViewCell.swift in Sources */ = {isa = PBXBuildFile; fileRef = 04415A131FF57CD900E024DF /* AlbumCollectionViewCell.swift */; };
		048BBF6B1FF68D010040817F /* SortSongsViewController.swift in Sources */ = {isa = PBXBuildFile; fileRef = 048BBF6A1FF68D010040817F /* SortSongsViewController.swift */; };
		048BBF6D1FF700230040817F /* Play Button.png in Resources */ = {isa = PBXBuildFile; fileRef = 048BBF6C1FF700230040817F /* Play Button.png */; };
		048BBF741FF71FDE0040817F /* next.png in Resources */ = {isa = PBXBuildFile; fileRef = 048BBF721FF71FDE0040817F /* next.png */; };
		048BBF751FF71FDE0040817F /* prev.png in Resources */ = {isa = PBXBuildFile; fileRef = 048BBF731FF71FDE0040817F /* prev.png */; };
		04E779E51FF5811A004C21CE /* music-7.png in Resources */ = {isa = PBXBuildFile; fileRef = 04E779E41FF5811A004C21CE /* music-7.png */; };
/* End PBXBuildFile section */

/* Begin PBXFileReference section */
		04184EF91FF873BB0049E75A /* AlbumTableViewController.swift */ = {isa = PBXFileReference; lastKnownFileType = sourcecode.swift; path = AlbumTableViewController.swift; sourceTree = "<group>"; };
		04184EFB1FF877B60049E75A /* AlbumInfoTableViewCell.swift */ = {isa = PBXFileReference; lastKnownFileType = sourcecode.swift; path = AlbumInfoTableViewCell.swift; sourceTree = "<group>"; };
		044159F31FF47B1F00E024DF /* MusicStatistics.app */ = {isa = PBXFileReference; explicitFileType = wrapper.application; includeInIndex = 0; path = MusicStatistics.app; sourceTree = BUILT_PRODUCTS_DIR; };
		044159F61FF47B2000E024DF /* AppDelegate.swift */ = {isa = PBXFileReference; lastKnownFileType = sourcecode.swift; path = AppDelegate.swift; sourceTree = "<group>"; };
		044159F81FF47B2000E024DF /* PlayerViewController.swift */ = {isa = PBXFileReference; lastKnownFileType = sourcecode.swift; path = PlayerViewController.swift; sourceTree = "<group>"; };
		044159FB1FF47B2000E024DF /* Base */ = {isa = PBXFileReference; lastKnownFileType = file.storyboard; name = Base; path = Base.lproj/Main.storyboard; sourceTree = "<group>"; };
		044159FE1FF47B2000E024DF /* MusicStatistics.xcdatamodel */ = {isa = PBXFileReference; lastKnownFileType = wrapper.xcdatamodel; path = MusicStatistics.xcdatamodel; sourceTree = "<group>"; };
		04415A001FF47B2000E024DF /* Assets.xcassets */ = {isa = PBXFileReference; lastKnownFileType = folder.assetcatalog; path = Assets.xcassets; sourceTree = "<group>"; };
		04415A031FF47B2000E024DF /* Base */ = {isa = PBXFileReference; lastKnownFileType = file.storyboard; name = Base; path = Base.lproj/LaunchScreen.storyboard; sourceTree = "<group>"; };
		04415A051FF47B2000E024DF /* Info.plist */ = {isa = PBXFileReference; lastKnownFileType = text.plist.xml; path = Info.plist; sourceTree = "<group>"; };
		04415A0B1FF485E100E024DF /* SongTableViewController.swift */ = {isa = PBXFileReference; lastKnownFileType = sourcecode.swift; path = SongTableViewController.swift; sourceTree = "<group>"; };
		04415A0D1FF52F9300E024DF /* InfoTableViewController.swift */ = {isa = PBXFileReference; lastKnownFileType = sourcecode.swift; path = InfoTableViewController.swift; sourceTree = "<group>"; };
		04415A0F1FF530A900E024DF /* InfoImageTableViewCell.swift */ = {isa = PBXFileReference; lastKnownFileType = sourcecode.swift; path = InfoImageTableViewCell.swift; sourceTree = "<group>"; };
		04415A111FF563EB00E024DF /* AlbumCollectionViewController.swift */ = {isa = PBXFileReference; lastKnownFileType = sourcecode.swift; path = AlbumCollectionViewController.swift; sourceTree = "<group>"; };
		04415A131FF57CD900E024DF /* AlbumCollectionViewCell.swift */ = {isa = PBXFileReference; lastKnownFileType = sourcecode.swift; path = AlbumCollectionViewCell.swift; sourceTree = "<group>"; };
		048BBF6A1FF68D010040817F /* SortSongsViewController.swift */ = {isa = PBXFileReference; lastKnownFileType = sourcecode.swift; path = SortSongsViewController.swift; sourceTree = "<group>"; };
		048BBF6C1FF700230040817F /* Play Button.png */ = {isa = PBXFileReference; lastKnownFileType = image.png; name = "Play Button.png"; path = "Assets.xcassets/Play Button.png"; sourceTree = "<group>"; };
		048BBF721FF71FDE0040817F /* next.png */ = {isa = PBXFileReference; lastKnownFileType = image.png; name = next.png; path = Assets.xcassets/next.png; sourceTree = "<group>"; };
		048BBF731FF71FDE0040817F /* prev.png */ = {isa = PBXFileReference; lastKnownFileType = image.png; name = prev.png; path = Assets.xcassets/prev.png; sourceTree = "<group>"; };
		04E779E41FF5811A004C21CE /* music-7.png */ = {isa = PBXFileReference; lastKnownFileType = image.png; name = "music-7.png"; path = "Assets.xcassets/music-7.png"; sourceTree = "<group>"; };
/* End PBXFileReference section */

/* Begin PBXFrameworksBuildPhase section */
		044159F01FF47B1F00E024DF /* Frameworks */ = {
			isa = PBXFrameworksBuildPhase;
			buildActionMask = 2147483647;
			files = (
			);
			runOnlyForDeploymentPostprocessing = 0;
		};
/* End PBXFrameworksBuildPhase section */

/* Begin PBXGroup section */
		044159EA1FF47B1F00E024DF = {
			isa = PBXGroup;
			children = (
				044159F51FF47B1F00E024DF /* MusicStatistics */,
				044159F41FF47B1F00E024DF /* Products */,
			);
			sourceTree = "<group>";
		};
		044159F41FF47B1F00E024DF /* Products */ = {
			isa = PBXGroup;
			children = (
				044159F31FF47B1F00E024DF /* MusicStatistics.app */,
			);
			name = Products;
			sourceTree = "<group>";
		};
		044159F51FF47B1F00E024DF /* MusicStatistics */ = {
			isa = PBXGroup;
			children = (
				048BBF721FF71FDE0040817F /* next.png */,
				048BBF731FF71FDE0040817F /* prev.png */,
				048BBF6C1FF700230040817F /* Play Button.png */,
				048BBF6A1FF68D010040817F /* SortSongsViewController.swift */,
				04E779E41FF5811A004C21CE /* music-7.png */,
				044159F61FF47B2000E024DF /* AppDelegate.swift */,
				044159F81FF47B2000E024DF /* PlayerViewController.swift */,
				044159FA1FF47B2000E024DF /* Main.storyboard */,
				04415A001FF47B2000E024DF /* Assets.xcassets */,
				04415A021FF47B2000E024DF /* LaunchScreen.storyboard */,
				04415A051FF47B2000E024DF /* Info.plist */,
				044159FD1FF47B2000E024DF /* MusicStatistics.xcdatamodeld */,
				04415A0B1FF485E100E024DF /* SongTableViewController.swift */,
				04415A0D1FF52F9300E024DF /* InfoTableViewController.swift */,
				04415A0F1FF530A900E024DF /* InfoImageTableViewCell.swift */,
				04415A111FF563EB00E024DF /* AlbumCollectionViewController.swift */,
				04415A131FF57CD900E024DF /* AlbumCollectionViewCell.swift */,
				04184EF91FF873BB0049E75A /* AlbumTableViewController.swift */,
				04184EFB1FF877B60049E75A /* AlbumInfoTableViewCell.swift */,
			);
			path = MusicStatistics;
			sourceTree = "<group>";
		};
/* End PBXGroup section */

/* Begin PBXNativeTarget section */
		044159F21FF47B1F00E024DF /* MusicStatistics */ = {
			isa = PBXNativeTarget;
			buildConfigurationList = 04415A081FF47B2000E024DF /* Build configuration list for PBXNativeTarget "MusicStatistics" */;
			buildPhases = (
				044159EF1FF47B1F00E024DF /* Sources */,
				044159F01FF47B1F00E024DF /* Frameworks */,
				044159F11FF47B1F00E024DF /* Resources */,
			);
			buildRules = (
			);
			dependencies = (
			);
			name = MusicStatistics;
			productName = MusicStatistics;
			productReference = 044159F31FF47B1F00E024DF /* MusicStatistics.app */;
			productType = "com.apple.product-type.application";
		};
/* End PBXNativeTarget section */

/* Begin PBXProject section */
		044159EB1FF47B1F00E024DF /* Project object */ = {
			isa = PBXProject;
			attributes = {
				LastSwiftUpdateCheck = 0920;
				LastUpgradeCheck = 0920;
				ORGANIZATIONNAME = "Jing Wei Li";
				TargetAttributes = {
					044159F21FF47B1F00E024DF = {
						CreatedOnToolsVersion = 9.2;
						ProvisioningStyle = Automatic;
					};
				};
			};
			buildConfigurationList = 044159EE1FF47B1F00E024DF /* Build configuration list for PBXProject "MusicStatistics" */;
			compatibilityVersion = "Xcode 8.0";
			developmentRegion = en;
			hasScannedForEncodings = 0;
			knownRegions = (
				en,
				Base,
			);
			mainGroup = 044159EA1FF47B1F00E024DF;
			productRefGroup = 044159F41FF47B1F00E024DF /* Products */;
			projectDirPath = "";
			projectRoot = "";
			targets = (
				044159F21FF47B1F00E024DF /* MusicStatistics */,
			);
		};
/* End PBXProject section */

/* Begin PBXResourcesBuildPhase section */
		044159F11FF47B1F00E024DF /* Resources */ = {
			isa = PBXResourcesBuildPhase;
			buildActionMask = 2147483647;
			files = (
				04415A041FF47B2000E024DF /* LaunchScreen.storyboard in Resources */,
				04415A011FF47B2000E024DF /* Assets.xcassets in Resources */,
				048BBF741FF71FDE0040817F /* next.png in Resources */,
				048BBF751FF71FDE0040817F /* prev.png in Resources */,
				048BBF6D1FF700230040817F /* Play Button.png in Resources */,
				044159FC1FF47B2000E024DF /* Main.storyboard in Resources */,
				04E779E51FF5811A004C21CE /* music-7.png in Resources */,
			);
			runOnlyForDeploymentPostprocessing = 0;
		};
/* End PBXResourcesBuildPhase section */

/* Begin PBXSourcesBuildPhase section */
		044159EF1FF47B1F00E024DF /* Sources */ = {
			isa = PBXSourcesBuildPhase;
			buildActionMask = 2147483647;
			files = (
				04415A141FF57CD900E024DF /* AlbumCollectionViewCell.swift in Sources */,
				044159F91FF47B2000E024DF /* PlayerViewController.swift in Sources */,
				04415A121FF563EB00E024DF /* AlbumCollectionViewController.swift in Sources */,
				04415A101FF530A900E024DF /* InfoImageTableViewCell.swift in Sources */,
				04415A0E1FF52F9300E024DF /* InfoTableViewController.swift in Sources */,
				044159F71FF47B2000E024DF /* AppDelegate.swift in Sources */,
				048BBF6B1FF68D010040817F /* SortSongsViewController.swift in Sources */,
				04184EFA1FF873BB0049E75A /* AlbumTableViewController.swift in Sources */,
				04415A0C1FF485E100E024DF /* SongTableViewController.swift in Sources */,
				044159FF1FF47B2000E024DF /* MusicStatistics.xcdatamodeld in Sources */,
				04184EFC1FF877B60049E75A /* AlbumInfoTableViewCell.swift in Sources */,
			);
			runOnlyForDeploymentPostprocessing = 0;
		};
/* End PBXSourcesBuildPhase section */

/* Begin PBXVariantGroup section */
		044159FA1FF47B2000E024DF /* Main.storyboard */ = {
			isa = PBXVariantGroup;
			children = (
				044159FB1FF47B2000E024DF /* Base */,
			);
			name = Main.storyboard;
			sourceTree = "<group>";
		};
		04415A021FF47B2000E024DF /* LaunchScreen.storyboard */ = {
			isa = PBXVariantGroup;
			children = (
				04415A031FF47B2000E024DF /* Base */,
			);
			name = LaunchScreen.storyboard;
			sourceTree = "<group>";
		};
/* End PBXVariantGroup section */

/* Begin XCBuildConfiguration section */
		04415A061FF47B2000E024DF /* Debug */ = {
			isa = XCBuildConfiguration;
			buildSettings = {
				ALWAYS_SEARCH_USER_PATHS = NO;
				CLANG_ANALYZER_NONNULL = YES;
				CLANG_ANALYZER_NUMBER_OBJECT_CONVERSION = YES_AGGRESSIVE;
				CLANG_CXX_LANGUAGE_STANDARD = "gnu++14";
				CLANG_CXX_LIBRARY = "libc++";
				CLANG_ENABLE_MODULES = YES;
				CLANG_ENABLE_OBJC_ARC = YES;
				CLANG_WARN_BLOCK_CAPTURE_AUTORELEASING = YES;
				CLANG_WARN_BOOL_CONVERSION = YES;
				CLANG_WARN_COMMA = YES;
				CLANG_WARN_CONSTANT_CONVERSION = YES;
				CLANG_WARN_DIRECT_OBJC_ISA_USAGE = YES_ERROR;
				CLANG_WARN_DOCUMENTATION_COMMENTS = YES;
				CLANG_WARN_EMPTY_BODY = YES;
				CLANG_WARN_ENUM_CONVERSION = YES;
				CLANG_WARN_INFINITE_RECURSION = YES;
				CLANG_WARN_INT_CONVERSION = YES;
				CLANG_WARN_NON_LITERAL_NULL_CONVERSION = YES;
				CLANG_WARN_OBJC_LITERAL_CONVERSION = YES;
				CLANG_WARN_OBJC_ROOT_CLASS = YES_ERROR;
				CLANG_WARN_RANGE_LOOP_ANALYSIS = YES;
				CLANG_WARN_STRICT_PROTOTYPES = YES;
				CLANG_WARN_SUSPICIOUS_MOVE = YES;
				CLANG_WARN_UNGUARDED_AVAILABILITY = YES_AGGRESSIVE;
				CLANG_WARN_UNREACHABLE_CODE = YES;
				CLANG_WARN__DUPLICATE_METHOD_MATCH = YES;
				CODE_SIGN_IDENTITY = "iPhone Developer";
				COPY_PHASE_STRIP = NO;
				DEBUG_INFORMATION_FORMAT = dwarf;
				ENABLE_STRICT_OBJC_MSGSEND = YES;
				ENABLE_TESTABILITY = YES;
				GCC_C_LANGUAGE_STANDARD = gnu11;
				GCC_DYNAMIC_NO_PIC = NO;
				GCC_NO_COMMON_BLOCKS = YES;
				GCC_OPTIMIZATION_LEVEL = 0;
				GCC_PREPROCESSOR_DEFINITIONS = (
					"DEBUG=1",
					"$(inherited)",
				);
				GCC_WARN_64_TO_32_BIT_CONVERSION = YES;
				GCC_WARN_ABOUT_RETURN_TYPE = YES_ERROR;
				GCC_WARN_UNDECLARED_SELECTOR = YES;
				GCC_WARN_UNINITIALIZED_AUTOS = YES_AGGRESSIVE;
				GCC_WARN_UNUSED_FUNCTION = YES;
				GCC_WARN_UNUSED_VARIABLE = YES;
				IPHONEOS_DEPLOYMENT_TARGET = 11.2;
				MTL_ENABLE_DEBUG_INFO = YES;
				ONLY_ACTIVE_ARCH = YES;
				SDKROOT = iphoneos;
				SWIFT_ACTIVE_COMPILATION_CONDITIONS = DEBUG;
				SWIFT_OPTIMIZATION_LEVEL = "-Onone";
			};
			name = Debug;
		};
		04415A071FF47B2000E024DF /* Release */ = {
			isa = XCBuildConfiguration;
			buildSettings = {
				ALWAYS_SEARCH_USER_PATHS = NO;
				CLANG_ANALYZER_NONNULL = YES;
				CLANG_ANALYZER_NUMBER_OBJECT_CONVERSION = YES_AGGRESSIVE;
				CLANG_CXX_LANGUAGE_STANDARD = "gnu++14";
				CLANG_CXX_LIBRARY = "libc++";
				CLANG_ENABLE_MODULES = YES;
				CLANG_ENABLE_OBJC_ARC = YES;
				CLANG_WARN_BLOCK_CAPTURE_AUTORELEASING = YES;
				CLANG_WARN_BOOL_CONVERSION = YES;
				CLANG_WARN_COMMA = YES;
				CLANG_WARN_CONSTANT_CONVERSION = YES;
				CLANG_WARN_DIRECT_OBJC_ISA_USAGE = YES_ERROR;
				CLANG_WARN_DOCUMENTATION_COMMENTS = YES;
				CLANG_WARN_EMPTY_BODY = YES;
				CLANG_WARN_ENUM_CONVERSION = YES;
				CLANG_WARN_INFINITE_RECURSION = YES;
				CLANG_WARN_INT_CONVERSION = YES;
				CLANG_WARN_NON_LITERAL_NULL_CONVERSION = YES;
				CLANG_WARN_OBJC_LITERAL_CONVERSION = YES;
				CLANG_WARN_OBJC_ROOT_CLASS = YES_ERROR;
				CLANG_WARN_RANGE_LOOP_ANALYSIS = YES;
				CLANG_WARN_STRICT_PROTOTYPES = YES;
				CLANG_WARN_SUSPICIOUS_MOVE = YES;
				CLANG_WARN_UNGUARDED_AVAILABILITY = YES_AGGRESSIVE;
				CLANG_WARN_UNREACHABLE_CODE = YES;
				CLANG_WARN__DUPLICATE_METHOD_MATCH = YES;
				CODE_SIGN_IDENTITY = "iPhone Developer";
				COPY_PHASE_STRIP = NO;
				DEBUG_INFORMATION_FORMAT = "dwarf-with-dsym";
				ENABLE_NS_ASSERTIONS = NO;
				ENABLE_STRICT_OBJC_MSGSEND = YES;
				GCC_C_LANGUAGE_STANDARD = gnu11;
				GCC_NO_COMMON_BLOCKS = YES;
				GCC_WARN_64_TO_32_BIT_CONVERSION = YES;
				GCC_WARN_ABOUT_RETURN_TYPE = YES_ERROR;
				GCC_WARN_UNDECLARED_SELECTOR = YES;
				GCC_WARN_UNINITIALIZED_AUTOS = YES_AGGRESSIVE;
				GCC_WARN_UNUSED_FUNCTION = YES;
				GCC_WARN_UNUSED_VARIABLE = YES;
				IPHONEOS_DEPLOYMENT_TARGET = 11.2;
				MTL_ENABLE_DEBUG_INFO = NO;
				SDKROOT = iphoneos;
				SWIFT_OPTIMIZATION_LEVEL = "-Owholemodule";
				VALIDATE_PRODUCT = YES;
			};
			name = Release;
		};
		04415A091FF47B2000E024DF /* Debug */ = {
			isa = XCBuildConfiguration;
			buildSettings = {
				ASSETCATALOG_COMPILER_APPICON_NAME = AppIcon;
				CODE_SIGN_STYLE = Automatic;
				DEVELOPMENT_TEAM = NDBTK98VL3;
				INFOPLIST_FILE = MusicStatistics/Info.plist;
				LD_RUNPATH_SEARCH_PATHS = "$(inherited) @executable_path/Frameworks";
				PRODUCT_BUNDLE_IDENTIFIER = jingweili.musicstat.MusicStatistics;
				PRODUCT_NAME = "$(TARGET_NAME)";
				SWIFT_VERSION = 4.0;
				TARGETED_DEVICE_FAMILY = "1,2";
			};
			name = Debug;
		};
		04415A0A1FF47B2000E024DF /* Release */ = {
			isa = XCBuildConfiguration;
			buildSettings = {
				ASSETCATALOG_COMPILER_APPICON_NAME = AppIcon;
				CODE_SIGN_STYLE = Automatic;
				DEVELOPMENT_TEAM = NDBTK98VL3;
				INFOPLIST_FILE = MusicStatistics/Info.plist;
				LD_RUNPATH_SEARCH_PATHS = "$(inherited) @executable_path/Frameworks";
				PRODUCT_BUNDLE_IDENTIFIER = jingweili.musicstat.MusicStatistics;
				PRODUCT_NAME = "$(TARGET_NAME)";
				SWIFT_VERSION = 4.0;
				TARGETED_DEVICE_FAMILY = "1,2";
			};
			name = Release;
		};
/* End XCBuildConfiguration section */

/* Begin XCConfigurationList section */
		044159EE1FF47B1F00E024DF /* Build configuration list for PBXProject "MusicStatistics" */ = {
			isa = XCConfigurationList;
			buildConfigurations = (
				04415A061FF47B2000E024DF /* Debug */,
				04415A071FF47B2000E024DF /* Release */,
			);
			defaultConfigurationIsVisible = 0;
			defaultConfigurationName = Release;
		};
		04415A081FF47B2000E024DF /* Build configuration list for PBXNativeTarget "MusicStatistics" */ = {
			isa = XCConfigurationList;
			buildConfigurations = (
				04415A091FF47B2000E024DF /* Debug */,
				04415A0A1FF47B2000E024DF /* Release */,
			);
			defaultConfigurationIsVisible = 0;
			defaultConfigurationName = Release;
		};
/* End XCConfigurationList section */

/* Begin XCVersionGroup section */
		044159FD1FF47B2000E024DF /* MusicStatistics.xcdatamodeld */ = {
			isa = XCVersionGroup;
			children = (
				044159FE1FF47B2000E024DF /* MusicStatistics.xcdatamodel */,
			);
			currentVersion = 044159FE1FF47B2000E024DF /* MusicStatistics.xcdatamodel */;
			path = MusicStatistics.xcdatamodeld;
			sourceTree = "<group>";
			versionGroupType = wrapper.xcdatamodel;
		};
/* End XCVersionGroup section */
	};
	rootObject = 044159EB1FF47B1F00E024DF /* Project object */;
}
