// !$*UTF8*$!
{
	archiveVersion = 1;
	classes = {
	};
	objectVersion = 48;
	objects = {

/* Begin PBXBuildFile section */
		0402E4D31FFD42A000479CC6 /* AnalyticsTableViewController.swift in Sources */ = {isa = PBXBuildFile; fileRef = 0402E4D21FFD42A000479CC6 /* AnalyticsTableViewController.swift */; };
		0402E4D51FFD438900479CC6 /* AnalyticsTableViewCell.swift in Sources */ = {isa = PBXBuildFile; fileRef = 0402E4D41FFD438900479CC6 /* AnalyticsTableViewCell.swift */; };
		0402E4DB1FFECFD300479CC6 /* analyticsIcon@2x.png in Resources */ = {isa = PBXBuildFile; fileRef = 0402E4DA1FFECFD300479CC6 /* analyticsIcon@2x.png */; };
		0402E4DD1FFED14000479CC6 /* shuffleIcon1@2x.png in Resources */ = {isa = PBXBuildFile; fileRef = 0402E4DC1FFED14000479CC6 /* shuffleIcon1@2x.png */; };
		0402E4DF1FFED21500479CC6 /* repeatIcon1@2x.png in Resources */ = {isa = PBXBuildFile; fileRef = 0402E4DE1FFED21500479CC6 /* repeatIcon1@2x.png */; };
		0402E4E11FFED28A00479CC6 /* playlistIcon@2x.png in Resources */ = {isa = PBXBuildFile; fileRef = 0402E4E01FFED28900479CC6 /* playlistIcon@2x.png */; };
		0402E4E51FFED4D000479CC6 /* repeatIcon2@2x.png in Resources */ = {isa = PBXBuildFile; fileRef = 0402E4E41FFED4D000479CC6 /* repeatIcon2@2x.png */; };
		0402E4E91FFEE0B000479CC6 /* QueueTableViewController.swift in Sources */ = {isa = PBXBuildFile; fileRef = 0402E4E81FFEE0B000479CC6 /* QueueTableViewController.swift */; };
		0402E4ED1FFF0FAD00479CC6 /* playerThumb@3x.png in Resources */ = {isa = PBXBuildFile; fileRef = 0402E4EC1FFF0FAD00479CC6 /* playerThumb@3x.png */; };
		04045074201DA2F800A3E5FD /* OthersTableViewController.swift in Sources */ = {isa = PBXBuildFile; fileRef = 04045073201DA2F700A3E5FD /* OthersTableViewController.swift */; };
		04045076201DB5C300A3E5FD /* OthersAlbumTableViewController.swift in Sources */ = {isa = PBXBuildFile; fileRef = 04045075201DB5C300A3E5FD /* OthersAlbumTableViewController.swift */; };
		0405C8E42012E8A0004FCE49 /* SearchSongsTableViewController.swift in Sources */ = {isa = PBXBuildFile; fileRef = 0405C8E32012E8A0004FCE49 /* SearchSongsTableViewController.swift */; };
		0405C8E62012FCC6004FCE49 /* SearchAlbumTableViewController.swift in Sources */ = {isa = PBXBuildFile; fileRef = 0405C8E52012FCC6004FCE49 /* SearchAlbumTableViewController.swift */; };
		04184EFA1FF873BB0049E75A /* AlbumTableViewController.swift in Sources */ = {isa = PBXBuildFile; fileRef = 04184EF91FF873BB0049E75A /* AlbumTableViewController.swift */; };
		04184EFC1FF877B60049E75A /* AlbumInfoTableViewCell.swift in Sources */ = {isa = PBXBuildFile; fileRef = 04184EFB1FF877B60049E75A /* AlbumInfoTableViewCell.swift */; };
		04192C5720016E10001F10F3 /* AnalyticsDetailTableViewController.swift in Sources */ = {isa = PBXBuildFile; fileRef = 04192C5620016E10001F10F3 /* AnalyticsDetailTableViewController.swift */; };
		042086732007DC3700730C9C /* AlbumHeaderCollectionReusableView.swift in Sources */ = {isa = PBXBuildFile; fileRef = 042086722007DC3700730C9C /* AlbumHeaderCollectionReusableView.swift */; };
		044159F71FF47B2000E024DF /* AppDelegate.swift in Sources */ = {isa = PBXBuildFile; fileRef = 044159F61FF47B2000E024DF /* AppDelegate.swift */; };
		044159F91FF47B2000E024DF /* PlayerViewController.swift in Sources */ = {isa = PBXBuildFile; fileRef = 044159F81FF47B2000E024DF /* PlayerViewController.swift */; };
		044159FC1FF47B2000E024DF /* Main.storyboard in Resources */ = {isa = PBXBuildFile; fileRef = 044159FA1FF47B2000E024DF /* Main.storyboard */; };
		04415A041FF47B2000E024DF /* LaunchScreen.storyboard in Resources */ = {isa = PBXBuildFile; fileRef = 04415A021FF47B2000E024DF /* LaunchScreen.storyboard */; };
		04415A0C1FF485E100E024DF /* SongTableViewController.swift in Sources */ = {isa = PBXBuildFile; fileRef = 04415A0B1FF485E100E024DF /* SongTableViewController.swift */; };
		04415A0E1FF52F9300E024DF /* InfoTableViewController.swift in Sources */ = {isa = PBXBuildFile; fileRef = 04415A0D1FF52F9300E024DF /* InfoTableViewController.swift */; };
		04415A101FF530A900E024DF /* InfoImageTableViewCell.swift in Sources */ = {isa = PBXBuildFile; fileRef = 04415A0F1FF530A900E024DF /* InfoImageTableViewCell.swift */; };
		04415A121FF563EB00E024DF /* AlbumCollectionViewController.swift in Sources */ = {isa = PBXBuildFile; fileRef = 04415A111FF563EB00E024DF /* AlbumCollectionViewController.swift */; };
		04415A141FF57CD900E024DF /* AlbumCollectionViewCell.swift in Sources */ = {isa = PBXBuildFile; fileRef = 04415A131FF57CD900E024DF /* AlbumCollectionViewCell.swift */; };
		0453CC31200D2AEA00810BB2 /* AuthorizationViewController.swift in Sources */ = {isa = PBXBuildFile; fileRef = 0453CC30200D2AEA00810BB2 /* AuthorizationViewController.swift */; };
		0453CC33200DCACC00810BB2 /* AnalyticsDataTableViewCell.swift in Sources */ = {isa = PBXBuildFile; fileRef = 0453CC32200DCACC00810BB2 /* AnalyticsDataTableViewCell.swift */; };
		0471B8501FFC0210006279E6 /* AnalyticsCollectionViewCell.swift in Sources */ = {isa = PBXBuildFile; fileRef = 0471B84F1FFC0210006279E6 /* AnalyticsCollectionViewCell.swift */; };
		047FC00020059CBA00F46B1A /* Common.swift in Sources */ = {isa = PBXBuildFile; fileRef = 047FBFFF20059CBA00F46B1A /* Common.swift */; };
		048320A720157FD6007B91F1 /* analyticsModel.xcdatamodeld in Sources */ = {isa = PBXBuildFile; fileRef = 048320A520157FD6007B91F1 /* analyticsModel.xcdatamodeld */; };
		048320A920158609007B91F1 /* AddViewLyricsModel.swift in Sources */ = {isa = PBXBuildFile; fileRef = 048320A820158609007B91F1 /* AddViewLyricsModel.swift */; };
		048320AB20159724007B91F1 /* LyricsViewController.swift in Sources */ = {isa = PBXBuildFile; fileRef = 048320AA20159724007B91F1 /* LyricsViewController.swift */; };
		048BBF6B1FF68D010040817F /* SortSongsViewController.swift in Sources */ = {isa = PBXBuildFile; fileRef = 048BBF6A1FF68D010040817F /* SortSongsViewController.swift */; };
		048BBF6D1FF700230040817F /* Play Button.png in Resources */ = {isa = PBXBuildFile; fileRef = 048BBF6C1FF700230040817F /* Play Button.png */; };
		048BBF741FF71FDE0040817F /* next.png in Resources */ = {isa = PBXBuildFile; fileRef = 048BBF721FF71FDE0040817F /* next.png */; };
		048BBF751FF71FDE0040817F /* prev.png in Resources */ = {isa = PBXBuildFile; fileRef = 048BBF731FF71FDE0040817F /* prev.png */; };
		049FCDD02002CCF400CB3A0B /* volumeIcon@2x.png in Resources */ = {isa = PBXBuildFile; fileRef = 049FCDCF2002CCF400CB3A0B /* volumeIcon@2x.png */; };
		04A1F0702016BE47008E73E8 /* volumeIconLow@2x.png in Resources */ = {isa = PBXBuildFile; fileRef = 04A1F06F2016BE46008E73E8 /* volumeIconLow@2x.png */; };
		04AD7F3C1FF99CDA00565725 /* Pause Button.png in Resources */ = {isa = PBXBuildFile; fileRef = 04AD7F3B1FF99CDA00565725 /* Pause Button.png */; };
		04AD7F481FF9BADD00565725 /* playingIcon@2x.png in Resources */ = {isa = PBXBuildFile; fileRef = 04AD7F451FF9BADD00565725 /* playingIcon@2x.png */; };
		04AD7F491FF9BADD00565725 /* albumIcon@2x.png in Resources */ = {isa = PBXBuildFile; fileRef = 04AD7F461FF9BADD00565725 /* albumIcon@2x.png */; };
		04AD7F4A1FF9BADD00565725 /* songIcon@2x.png in Resources */ = {isa = PBXBuildFile; fileRef = 04AD7F471FF9BADD00565725 /* songIcon@2x.png */; };
		04BB44B7200B037200CA1B87 /* mostPlayedIcon@2x.png in Resources */ = {isa = PBXBuildFile; fileRef = 04BB44B2200B037200CA1B87 /* mostPlayedIcon@2x.png */; };
		04BB44B8200B037200CA1B87 /* worried@2x.png in Resources */ = {isa = PBXBuildFile; fileRef = 04BB44B3200B037200CA1B87 /* worried@2x.png */; };
		04BB44B9200B037200CA1B87 /* addIcon@2x.png in Resources */ = {isa = PBXBuildFile; fileRef = 04BB44B4200B037200CA1B87 /* addIcon@2x.png */; };
		04BB44BA200B037200CA1B87 /* fearfulIcon@2x.png in Resources */ = {isa = PBXBuildFile; fileRef = 04BB44B5200B037200CA1B87 /* fearfulIcon@2x.png */; };
		04BB44BB200B037200CA1B87 /* recentsIcon@2x.png in Resources */ = {isa = PBXBuildFile; fileRef = 04BB44B6200B037200CA1B87 /* recentsIcon@2x.png */; };
		04FEE1B920157A5D00EDB737 /* Assets.xcassets in Resources */ = {isa = PBXBuildFile; fileRef = 04FEE1B820157A5D00EDB737 /* Assets.xcassets */; };
		CC22CDD1EC21957B16393DF3 /* Pods_MusicStatistics.framework in Frameworks */ = {isa = PBXBuildFile; fileRef = 49F39879F098C541FF157506 /* Pods_MusicStatistics.framework */; };
/* End PBXBuildFile section */

/* Begin PBXFileReference section */
		0402E4D21FFD42A000479CC6 /* AnalyticsTableViewController.swift */ = {isa = PBXFileReference; lastKnownFileType = sourcecode.swift; path = AnalyticsTableViewController.swift; sourceTree = "<group>"; };
		0402E4D41FFD438900479CC6 /* AnalyticsTableViewCell.swift */ = {isa = PBXFileReference; lastKnownFileType = sourcecode.swift; path = AnalyticsTableViewCell.swift; sourceTree = "<group>"; };
		0402E4DA1FFECFD300479CC6 /* analyticsIcon@2x.png */ = {isa = PBXFileReference; lastKnownFileType = image.png; path = "analyticsIcon@2x.png"; sourceTree = "<group>"; };
		0402E4DC1FFED14000479CC6 /* shuffleIcon1@2x.png */ = {isa = PBXFileReference; lastKnownFileType = image.png; path = "shuffleIcon1@2x.png"; sourceTree = "<group>"; };
		0402E4DE1FFED21500479CC6 /* repeatIcon1@2x.png */ = {isa = PBXFileReference; lastKnownFileType = image.png; path = "repeatIcon1@2x.png"; sourceTree = "<group>"; };
		0402E4E01FFED28900479CC6 /* playlistIcon@2x.png */ = {isa = PBXFileReference; lastKnownFileType = image.png; path = "playlistIcon@2x.png"; sourceTree = "<group>"; };
		0402E4E41FFED4D000479CC6 /* repeatIcon2@2x.png */ = {isa = PBXFileReference; lastKnownFileType = image.png; path = "repeatIcon2@2x.png"; sourceTree = "<group>"; };
		0402E4E81FFEE0B000479CC6 /* QueueTableViewController.swift */ = {isa = PBXFileReference; lastKnownFileType = sourcecode.swift; path = QueueTableViewController.swift; sourceTree = "<group>"; };
		0402E4EC1FFF0FAD00479CC6 /* playerThumb@3x.png */ = {isa = PBXFileReference; lastKnownFileType = image.png; path = "playerThumb@3x.png"; sourceTree = "<group>"; };
		04045073201DA2F700A3E5FD /* OthersTableViewController.swift */ = {isa = PBXFileReference; lastKnownFileType = sourcecode.swift; path = OthersTableViewController.swift; sourceTree = "<group>"; };
		04045075201DB5C300A3E5FD /* OthersAlbumTableViewController.swift */ = {isa = PBXFileReference; lastKnownFileType = sourcecode.swift; path = OthersAlbumTableViewController.swift; sourceTree = "<group>"; };
		0405C8E32012E8A0004FCE49 /* SearchSongsTableViewController.swift */ = {isa = PBXFileReference; lastKnownFileType = sourcecode.swift; path = SearchSongsTableViewController.swift; sourceTree = "<group>"; };
		0405C8E52012FCC6004FCE49 /* SearchAlbumTableViewController.swift */ = {isa = PBXFileReference; lastKnownFileType = sourcecode.swift; path = SearchAlbumTableViewController.swift; sourceTree = "<group>"; };
		04184EF91FF873BB0049E75A /* AlbumTableViewController.swift */ = {isa = PBXFileReference; lastKnownFileType = sourcecode.swift; path = AlbumTableViewController.swift; sourceTree = "<group>"; };
		04184EFB1FF877B60049E75A /* AlbumInfoTableViewCell.swift */ = {isa = PBXFileReference; lastKnownFileType = sourcecode.swift; path = AlbumInfoTableViewCell.swift; sourceTree = "<group>"; };
		04192C5620016E10001F10F3 /* AnalyticsDetailTableViewController.swift */ = {isa = PBXFileReference; lastKnownFileType = sourcecode.swift; path = AnalyticsDetailTableViewController.swift; sourceTree = "<group>"; };
		042086722007DC3700730C9C /* AlbumHeaderCollectionReusableView.swift */ = {isa = PBXFileReference; lastKnownFileType = sourcecode.swift; path = AlbumHeaderCollectionReusableView.swift; sourceTree = "<group>"; };
		044159F31FF47B1F00E024DF /* MusicStatistics.app */ = {isa = PBXFileReference; explicitFileType = wrapper.application; includeInIndex = 0; path = MusicStatistics.app; sourceTree = BUILT_PRODUCTS_DIR; };
		044159F61FF47B2000E024DF /* AppDelegate.swift */ = {isa = PBXFileReference; lastKnownFileType = sourcecode.swift; path = AppDelegate.swift; sourceTree = "<group>"; };
		044159F81FF47B2000E024DF /* PlayerViewController.swift */ = {isa = PBXFileReference; lastKnownFileType = sourcecode.swift; path = PlayerViewController.swift; sourceTree = "<group>"; };
		044159FB1FF47B2000E024DF /* Base */ = {isa = PBXFileReference; lastKnownFileType = file.storyboard; name = Base; path = Base.lproj/Main.storyboard; sourceTree = "<group>"; };
		04415A031FF47B2000E024DF /* Base */ = {isa = PBXFileReference; lastKnownFileType = file.storyboard; name = Base; path = Base.lproj/LaunchScreen.storyboard; sourceTree = "<group>"; };
		04415A051FF47B2000E024DF /* Info.plist */ = {isa = PBXFileReference; lastKnownFileType = text.plist.xml; path = Info.plist; sourceTree = "<group>"; };
		04415A0B1FF485E100E024DF /* SongTableViewController.swift */ = {isa = PBXFileReference; lastKnownFileType = sourcecode.swift; path = SongTableViewController.swift; sourceTree = "<group>"; };
		04415A0D1FF52F9300E024DF /* InfoTableViewController.swift */ = {isa = PBXFileReference; lastKnownFileType = sourcecode.swift; path = InfoTableViewController.swift; sourceTree = "<group>"; };
		04415A0F1FF530A900E024DF /* InfoImageTableViewCell.swift */ = {isa = PBXFileReference; lastKnownFileType = sourcecode.swift; path = InfoImageTableViewCell.swift; sourceTree = "<group>"; };
		04415A111FF563EB00E024DF /* AlbumCollectionViewController.swift */ = {isa = PBXFileReference; lastKnownFileType = sourcecode.swift; path = AlbumCollectionViewController.swift; sourceTree = "<group>"; };
		04415A131FF57CD900E024DF /* AlbumCollectionViewCell.swift */ = {isa = PBXFileReference; lastKnownFileType = sourcecode.swift; path = AlbumCollectionViewCell.swift; sourceTree = "<group>"; };
		0453CC30200D2AEA00810BB2 /* AuthorizationViewController.swift */ = {isa = PBXFileReference; lastKnownFileType = sourcecode.swift; path = AuthorizationViewController.swift; sourceTree = "<group>"; };
		0453CC32200DCACC00810BB2 /* AnalyticsDataTableViewCell.swift */ = {isa = PBXFileReference; lastKnownFileType = sourcecode.swift; path = AnalyticsDataTableViewCell.swift; sourceTree = "<group>"; };
		0471B84F1FFC0210006279E6 /* AnalyticsCollectionViewCell.swift */ = {isa = PBXFileReference; lastKnownFileType = sourcecode.swift; path = AnalyticsCollectionViewCell.swift; sourceTree = "<group>"; };
		047FBFFF20059CBA00F46B1A /* Common.swift */ = {isa = PBXFileReference; lastKnownFileType = sourcecode.swift; path = Common.swift; sourceTree = "<group>"; };
		048320A620157FD6007B91F1 /* analyticsModel.xcdatamodel */ = {isa = PBXFileReference; lastKnownFileType = wrapper.xcdatamodel; path = analyticsModel.xcdatamodel; sourceTree = "<group>"; };
		048320A820158609007B91F1 /* AddViewLyricsModel.swift */ = {isa = PBXFileReference; lastKnownFileType = sourcecode.swift; path = AddViewLyricsModel.swift; sourceTree = "<group>"; };
		048320AA20159724007B91F1 /* LyricsViewController.swift */ = {isa = PBXFileReference; lastKnownFileType = sourcecode.swift; path = LyricsViewController.swift; sourceTree = "<group>"; };
		048BBF6A1FF68D010040817F /* SortSongsViewController.swift */ = {isa = PBXFileReference; lastKnownFileType = sourcecode.swift; path = SortSongsViewController.swift; sourceTree = "<group>"; };
		048BBF6C1FF700230040817F /* Play Button.png */ = {isa = PBXFileReference; lastKnownFileType = image.png; path = "Play Button.png"; sourceTree = "<group>"; };
		048BBF721FF71FDE0040817F /* next.png */ = {isa = PBXFileReference; lastKnownFileType = image.png; path = next.png; sourceTree = "<group>"; };
		048BBF731FF71FDE0040817F /* prev.png */ = {isa = PBXFileReference; lastKnownFileType = image.png; path = prev.png; sourceTree = "<group>"; };
		049FCDCF2002CCF400CB3A0B /* volumeIcon@2x.png */ = {isa = PBXFileReference; lastKnownFileType = image.png; path = "volumeIcon@2x.png"; sourceTree = "<group>"; };
		04A1F06F2016BE46008E73E8 /* volumeIconLow@2x.png */ = {isa = PBXFileReference; lastKnownFileType = image.png; path = "volumeIconLow@2x.png"; sourceTree = "<group>"; };
		04AD7F3B1FF99CDA00565725 /* Pause Button.png */ = {isa = PBXFileReference; lastKnownFileType = image.png; path = "Pause Button.png"; sourceTree = "<group>"; };
		04AD7F451FF9BADD00565725 /* playingIcon@2x.png */ = {isa = PBXFileReference; lastKnownFileType = image.png; path = "playingIcon@2x.png"; sourceTree = "<group>"; };
		04AD7F461FF9BADD00565725 /* albumIcon@2x.png */ = {isa = PBXFileReference; lastKnownFileType = image.png; path = "albumIcon@2x.png"; sourceTree = "<group>"; };
		04AD7F471FF9BADD00565725 /* songIcon@2x.png */ = {isa = PBXFileReference; lastKnownFileType = image.png; path = "songIcon@2x.png"; sourceTree = "<group>"; };
		04BB44B2200B037200CA1B87 /* mostPlayedIcon@2x.png */ = {isa = PBXFileReference; lastKnownFileType = image.png; path = "mostPlayedIcon@2x.png"; sourceTree = "<group>"; };
		04BB44B3200B037200CA1B87 /* worried@2x.png */ = {isa = PBXFileReference; lastKnownFileType = image.png; path = "worried@2x.png"; sourceTree = "<group>"; };
		04BB44B4200B037200CA1B87 /* addIcon@2x.png */ = {isa = PBXFileReference; lastKnownFileType = image.png; path = "addIcon@2x.png"; sourceTree = "<group>"; };
		04BB44B5200B037200CA1B87 /* fearfulIcon@2x.png */ = {isa = PBXFileReference; lastKnownFileType = image.png; path = "fearfulIcon@2x.png"; sourceTree = "<group>"; };
		04BB44B6200B037200CA1B87 /* recentsIcon@2x.png */ = {isa = PBXFileReference; lastKnownFileType = image.png; path = "recentsIcon@2x.png"; sourceTree = "<group>"; };
		04CD9BC6703B0D9D67CE7F94 /* Pods-MusicStatistics.release.xcconfig */ = {isa = PBXFileReference; includeInIndex = 1; lastKnownFileType = text.xcconfig; name = "Pods-MusicStatistics.release.xcconfig"; path = "Pods/Target Support Files/Pods-MusicStatistics/Pods-MusicStatistics.release.xcconfig"; sourceTree = "<group>"; };
		04FEE1B820157A5D00EDB737 /* Assets.xcassets */ = {isa = PBXFileReference; lastKnownFileType = folder.assetcatalog; path = Assets.xcassets; sourceTree = "<group>"; };
		3333EB3C7A910040B4C73165 /* Pods-MusicStatistics.debug.xcconfig */ = {isa = PBXFileReference; includeInIndex = 1; lastKnownFileType = text.xcconfig; name = "Pods-MusicStatistics.debug.xcconfig"; path = "Pods/Target Support Files/Pods-MusicStatistics/Pods-MusicStatistics.debug.xcconfig"; sourceTree = "<group>"; };
		49F39879F098C541FF157506 /* Pods_MusicStatistics.framework */ = {isa = PBXFileReference; explicitFileType = wrapper.framework; includeInIndex = 0; path = Pods_MusicStatistics.framework; sourceTree = BUILT_PRODUCTS_DIR; };
/* End PBXFileReference section */

/* Begin PBXFrameworksBuildPhase section */
		044159F01FF47B1F00E024DF /* Frameworks */ = {
			isa = PBXFrameworksBuildPhase;
			buildActionMask = 2147483647;
			files = (
				CC22CDD1EC21957B16393DF3 /* Pods_MusicStatistics.framework in Frameworks */,
			);
			runOnlyForDeploymentPostprocessing = 0;
		};
/* End PBXFrameworksBuildPhase section */

/* Begin PBXGroup section */
		0402E4E71FFEE07900479CC6 /* Images */ = {
			isa = PBXGroup;
			children = (
				04A1F06F2016BE46008E73E8 /* volumeIconLow@2x.png */,
				04BB44B4200B037200CA1B87 /* addIcon@2x.png */,
				04BB44B5200B037200CA1B87 /* fearfulIcon@2x.png */,
				04BB44B2200B037200CA1B87 /* mostPlayedIcon@2x.png */,
				04BB44B6200B037200CA1B87 /* recentsIcon@2x.png */,
				04BB44B3200B037200CA1B87 /* worried@2x.png */,
				049FCDCF2002CCF400CB3A0B /* volumeIcon@2x.png */,
				0402E4EC1FFF0FAD00479CC6 /* playerThumb@3x.png */,
				0402E4E41FFED4D000479CC6 /* repeatIcon2@2x.png */,
				0402E4E01FFED28900479CC6 /* playlistIcon@2x.png */,
				0402E4DE1FFED21500479CC6 /* repeatIcon1@2x.png */,
				0402E4DC1FFED14000479CC6 /* shuffleIcon1@2x.png */,
				0402E4DA1FFECFD300479CC6 /* analyticsIcon@2x.png */,
				04AD7F461FF9BADD00565725 /* albumIcon@2x.png */,
				04AD7F451FF9BADD00565725 /* playingIcon@2x.png */,
				04AD7F471FF9BADD00565725 /* songIcon@2x.png */,
				04AD7F3B1FF99CDA00565725 /* Pause Button.png */,
				048BBF721FF71FDE0040817F /* next.png */,
				048BBF731FF71FDE0040817F /* prev.png */,
				048BBF6C1FF700230040817F /* Play Button.png */,
			);
			path = Images;
			sourceTree = "<group>";
		};
		044159EA1FF47B1F00E024DF = {
			isa = PBXGroup;
			children = (
				044159F51FF47B1F00E024DF /* MusicStatistics */,
				044159F41FF47B1F00E024DF /* Products */,
				89AB3D25AC236C5240B69014 /* Pods */,
				3A10247ED1CFBA9BD059EEC9 /* Frameworks */,
			);
			sourceTree = "<group>";
		};
		044159F41FF47B1F00E024DF /* Products */ = {
			isa = PBXGroup;
			children = (
				044159F31FF47B1F00E024DF /* MusicStatistics.app */,
			);
			name = Products;
			sourceTree = "<group>";
		};
		044159F51FF47B1F00E024DF /* MusicStatistics */ = {
			isa = PBXGroup;
			children = (
				04FEE1B820157A5D00EDB737 /* Assets.xcassets */,
				04415A021FF47B2000E024DF /* LaunchScreen.storyboard */,
				044159FA1FF47B2000E024DF /* Main.storyboard */,
				048320A520157FD6007B91F1 /* analyticsModel.xcdatamodeld */,
				04415A051FF47B2000E024DF /* Info.plist */,
				048BBF6A1FF68D010040817F /* SortSongsViewController.swift */,
				0453CC30200D2AEA00810BB2 /* AuthorizationViewController.swift */,
				044159F61FF47B2000E024DF /* AppDelegate.swift */,
				044159F81FF47B2000E024DF /* PlayerViewController.swift */,
				0405C8E32012E8A0004FCE49 /* SearchSongsTableViewController.swift */,
				0405C8E52012FCC6004FCE49 /* SearchAlbumTableViewController.swift */,
				04415A0B1FF485E100E024DF /* SongTableViewController.swift */,
				04415A0D1FF52F9300E024DF /* InfoTableViewController.swift */,
				04415A0F1FF530A900E024DF /* InfoImageTableViewCell.swift */,
				0402E4E81FFEE0B000479CC6 /* QueueTableViewController.swift */,
				04415A111FF563EB00E024DF /* AlbumCollectionViewController.swift */,
				042086722007DC3700730C9C /* AlbumHeaderCollectionReusableView.swift */,
				04415A131FF57CD900E024DF /* AlbumCollectionViewCell.swift */,
				04184EF91FF873BB0049E75A /* AlbumTableViewController.swift */,
				04184EFB1FF877B60049E75A /* AlbumInfoTableViewCell.swift */,
				047FBFFF20059CBA00F46B1A /* Common.swift */,
				048320A820158609007B91F1 /* AddViewLyricsModel.swift */,
				048320AA20159724007B91F1 /* LyricsViewController.swift */,
				0471B84F1FFC0210006279E6 /* AnalyticsCollectionViewCell.swift */,
				0453CC32200DCACC00810BB2 /* AnalyticsDataTableViewCell.swift */,
				0402E4D21FFD42A000479CC6 /* AnalyticsTableViewController.swift */,
				0402E4D41FFD438900479CC6 /* AnalyticsTableViewCell.swift */,
				04192C5620016E10001F10F3 /* AnalyticsDetailTableViewController.swift */,
				04045073201DA2F700A3E5FD /* OthersTableViewController.swift */,
				04045075201DB5C300A3E5FD /* OthersAlbumTableViewController.swift */,
				0402E4E71FFEE07900479CC6 /* Images */,
			);
			path = MusicStatistics;
			sourceTree = "<group>";
		};
		3A10247ED1CFBA9BD059EEC9 /* Frameworks */ = {
			isa = PBXGroup;
			children = (
				49F39879F098C541FF157506 /* Pods_MusicStatistics.framework */,
			);
			name = Frameworks;
			sourceTree = "<group>";
		};
		89AB3D25AC236C5240B69014 /* Pods */ = {
			isa = PBXGroup;
			children = (
				3333EB3C7A910040B4C73165 /* Pods-MusicStatistics.debug.xcconfig */,
				04CD9BC6703B0D9D67CE7F94 /* Pods-MusicStatistics.release.xcconfig */,
			);
			name = Pods;
			sourceTree = "<group>";
		};
/* End PBXGroup section */

/* Begin PBXNativeTarget section */
		044159F21FF47B1F00E024DF /* MusicStatistics */ = {
			isa = PBXNativeTarget;
			buildConfigurationList = 04415A081FF47B2000E024DF /* Build configuration list for PBXNativeTarget "MusicStatistics" */;
			buildPhases = (
				DC8A2375161F71BAC86B36E3 /* [CP] Check Pods Manifest.lock */,
				044159EF1FF47B1F00E024DF /* Sources */,
				044159F01FF47B1F00E024DF /* Frameworks */,
				044159F11FF47B1F00E024DF /* Resources */,
				289624722716AB69E467C410 /* [CP] Embed Pods Frameworks */,
				2107BBFC0422CA7BACED3C0C /* [CP] Copy Pods Resources */,
			);
			buildRules = (
			);
			dependencies = (
			);
			name = MusicStatistics;
			productName = MusicStatistics;
			productReference = 044159F31FF47B1F00E024DF /* MusicStatistics.app */;
			productType = "com.apple.product-type.application";
		};
/* End PBXNativeTarget section */

/* Begin PBXProject section */
		044159EB1FF47B1F00E024DF /* Project object */ = {
			isa = PBXProject;
			attributes = {
				LastSwiftUpdateCheck = 0920;
				LastUpgradeCheck = 0920;
				ORGANIZATIONNAME = "Jing Wei Li";
				TargetAttributes = {
					044159F21FF47B1F00E024DF = {
						CreatedOnToolsVersion = 9.2;
						ProvisioningStyle = Automatic;
						SystemCapabilities = {
							com.apple.BackgroundModes = {
								enabled = 1;
							};
						};
					};
				};
			};
			buildConfigurationList = 044159EE1FF47B1F00E024DF /* Build configuration list for PBXProject "MusicStatistics" */;
			compatibilityVersion = "Xcode 8.0";
			developmentRegion = en;
			hasScannedForEncodings = 0;
			knownRegions = (
				en,
				Base,
			);
			mainGroup = 044159EA1FF47B1F00E024DF;
			productRefGroup = 044159F41FF47B1F00E024DF /* Products */;
			projectDirPath = "";
			projectRoot = "";
			targets = (
				044159F21FF47B1F00E024DF /* MusicStatistics */,
			);
		};
/* End PBXProject section */

/* Begin PBXResourcesBuildPhase section */
		044159F11FF47B1F00E024DF /* Resources */ = {
			isa = PBXResourcesBuildPhase;
			buildActionMask = 2147483647;
			files = (
				04415A041FF47B2000E024DF /* LaunchScreen.storyboard in Resources */,
				04BB44B7200B037200CA1B87 /* mostPlayedIcon@2x.png in Resources */,
				04FEE1B920157A5D00EDB737 /* Assets.xcassets in Resources */,
				0402E4E11FFED28A00479CC6 /* playlistIcon@2x.png in Resources */,
				0402E4E51FFED4D000479CC6 /* repeatIcon2@2x.png in Resources */,
				04BB44B9200B037200CA1B87 /* addIcon@2x.png in Resources */,
				04BB44B8200B037200CA1B87 /* worried@2x.png in Resources */,
				048BBF741FF71FDE0040817F /* next.png in Resources */,
				04BB44BB200B037200CA1B87 /* recentsIcon@2x.png in Resources */,
				048BBF751FF71FDE0040817F /* prev.png in Resources */,
				04A1F0702016BE47008E73E8 /* volumeIconLow@2x.png in Resources */,
				048BBF6D1FF700230040817F /* Play Button.png in Resources */,
				04AD7F4A1FF9BADD00565725 /* songIcon@2x.png in Resources */,
				04BB44BA200B037200CA1B87 /* fearfulIcon@2x.png in Resources */,
				04AD7F491FF9BADD00565725 /* albumIcon@2x.png in Resources */,
				0402E4DD1FFED14000479CC6 /* shuffleIcon1@2x.png in Resources */,
				04AD7F3C1FF99CDA00565725 /* Pause Button.png in Resources */,
				0402E4DB1FFECFD300479CC6 /* analyticsIcon@2x.png in Resources */,
				049FCDD02002CCF400CB3A0B /* volumeIcon@2x.png in Resources */,
				044159FC1FF47B2000E024DF /* Main.storyboard in Resources */,
				0402E4ED1FFF0FAD00479CC6 /* playerThumb@3x.png in Resources */,
				04AD7F481FF9BADD00565725 /* playingIcon@2x.png in Resources */,
				0402E4DF1FFED21500479CC6 /* repeatIcon1@2x.png in Resources */,
			);
			runOnlyForDeploymentPostprocessing = 0;
		};
/* End PBXResourcesBuildPhase section */

/* Begin PBXShellScriptBuildPhase section */
		2107BBFC0422CA7BACED3C0C /* [CP] Copy Pods Resources */ = {
			isa = PBXShellScriptBuildPhase;
			buildActionMask = 2147483647;
			files = (
			);
			inputPaths = (
			);
			name = "[CP] Copy Pods Resources";
			outputPaths = (
			);
			runOnlyForDeploymentPostprocessing = 0;
			shellPath = /bin/sh;
			shellScript = "\"${SRCROOT}/Pods/Target Support Files/Pods-MusicStatistics/Pods-MusicStatistics-resources.sh\"\n";
			showEnvVarsInLog = 0;
		};
		289624722716AB69E467C410 /* [CP] Embed Pods Frameworks */ = {
			isa = PBXShellScriptBuildPhase;
			buildActionMask = 2147483647;
			files = (
			);
			inputPaths = (
				"${SRCROOT}/Pods/Target Support Files/Pods-MusicStatistics/Pods-MusicStatistics-frameworks.sh",
				"${BUILT_PRODUCTS_DIR}/BDKCollectionIndexView/BDKCollectionIndexView.framework",
			);
			name = "[CP] Embed Pods Frameworks";
			outputPaths = (
				"${TARGET_BUILD_DIR}/${FRAMEWORKS_FOLDER_PATH}/BDKCollectionIndexView.framework",
			);
			runOnlyForDeploymentPostprocessing = 0;
			shellPath = /bin/sh;
			shellScript = "\"${SRCROOT}/Pods/Target Support Files/Pods-MusicStatistics/Pods-MusicStatistics-frameworks.sh\"\n";
			showEnvVarsInLog = 0;
		};
		DC8A2375161F71BAC86B36E3 /* [CP] Check Pods Manifest.lock */ = {
			isa = PBXShellScriptBuildPhase;
			buildActionMask = 2147483647;
			files = (
			);
			inputPaths = (
				"${PODS_PODFILE_DIR_PATH}/Podfile.lock",
				"${PODS_ROOT}/Manifest.lock",
			);
			name = "[CP] Check Pods Manifest.lock";
			outputPaths = (
				"$(DERIVED_FILE_DIR)/Pods-MusicStatistics-checkManifestLockResult.txt",
			);
			runOnlyForDeploymentPostprocessing = 0;
			shellPath = /bin/sh;
			shellScript = "diff \"${PODS_PODFILE_DIR_PATH}/Podfile.lock\" \"${PODS_ROOT}/Manifest.lock\" > /dev/null\nif [ $? != 0 ] ; then\n    # print error to STDERR\n    echo \"error: The sandbox is not in sync with the Podfile.lock. Run 'pod install' or update your CocoaPods installation.\" >&2\n    exit 1\nfi\n# This output is used by Xcode 'outputs' to avoid re-running this script phase.\necho \"SUCCESS\" > \"${SCRIPT_OUTPUT_FILE_0}\"\n";
			showEnvVarsInLog = 0;
		};
/* End PBXShellScriptBuildPhase section */

/* Begin PBXSourcesBuildPhase section */
		044159EF1FF47B1F00E024DF /* Sources */ = {
			isa = PBXSourcesBuildPhase;
			buildActionMask = 2147483647;
			files = (
				042086732007DC3700730C9C /* AlbumHeaderCollectionReusableView.swift in Sources */,
				04045076201DB5C300A3E5FD /* OthersAlbumTableViewController.swift in Sources */,
				047FC00020059CBA00F46B1A /* Common.swift in Sources */,
				04415A141FF57CD900E024DF /* AlbumCollectionViewCell.swift in Sources */,
				044159F91FF47B2000E024DF /* PlayerViewController.swift in Sources */,
				0453CC33200DCACC00810BB2 /* AnalyticsDataTableViewCell.swift in Sources */,
				04045074201DA2F800A3E5FD /* OthersTableViewController.swift in Sources */,
				04415A121FF563EB00E024DF /* AlbumCollectionViewController.swift in Sources */,
				048320A720157FD6007B91F1 /* analyticsModel.xcdatamodeld in Sources */,
				04415A101FF530A900E024DF /* InfoImageTableViewCell.swift in Sources */,
				04415A0E1FF52F9300E024DF /* InfoTableViewController.swift in Sources */,
				048320A920158609007B91F1 /* AddViewLyricsModel.swift in Sources */,
				0453CC31200D2AEA00810BB2 /* AuthorizationViewController.swift in Sources */,
				04192C5720016E10001F10F3 /* AnalyticsDetailTableViewController.swift in Sources */,
				044159F71FF47B2000E024DF /* AppDelegate.swift in Sources */,
				0402E4D31FFD42A000479CC6 /* AnalyticsTableViewController.swift in Sources */,
				048BBF6B1FF68D010040817F /* SortSongsViewController.swift in Sources */,
				0405C8E62012FCC6004FCE49 /* SearchAlbumTableViewController.swift in Sources */,
				0402E4D51FFD438900479CC6 /* AnalyticsTableViewCell.swift in Sources */,
				0405C8E42012E8A0004FCE49 /* SearchSongsTableViewController.swift in Sources */,
				048320AB20159724007B91F1 /* LyricsViewController.swift in Sources */,
				0471B8501FFC0210006279E6 /* AnalyticsCollectionViewCell.swift in Sources */,
				04184EFA1FF873BB0049E75A /* AlbumTableViewController.swift in Sources */,
				04415A0C1FF485E100E024DF /* SongTableViewController.swift in Sources */,
				0402E4E91FFEE0B000479CC6 /* QueueTableViewController.swift in Sources */,
				04184EFC1FF877B60049E75A /* AlbumInfoTableViewCell.swift in Sources */,
			);
			runOnlyForDeploymentPostprocessing = 0;
		};
/* End PBXSourcesBuildPhase section */

/* Begin PBXVariantGroup section */
		044159FA1FF47B2000E024DF /* Main.storyboard */ = {
			isa = PBXVariantGroup;
			children = (
				044159FB1FF47B2000E024DF /* Base */,
			);
			name = Main.storyboard;
			sourceTree = "<group>";
		};
		04415A021FF47B2000E024DF /* LaunchScreen.storyboard */ = {
			isa = PBXVariantGroup;
			children = (
				04415A031FF47B2000E024DF /* Base */,
			);
			name = LaunchScreen.storyboard;
			sourceTree = "<group>";
		};
/* End PBXVariantGroup section */

/* Begin XCBuildConfiguration section */
		04415A061FF47B2000E024DF /* Debug */ = {
			isa = XCBuildConfiguration;
			buildSettings = {
				ALWAYS_SEARCH_USER_PATHS = NO;
				CLANG_ANALYZER_NONNULL = YES;
				CLANG_ANALYZER_NUMBER_OBJECT_CONVERSION = YES_AGGRESSIVE;
				CLANG_CXX_LANGUAGE_STANDARD = "gnu++14";
				CLANG_CXX_LIBRARY = "libc++";
				CLANG_ENABLE_MODULES = YES;
				CLANG_ENABLE_OBJC_ARC = YES;
				CLANG_WARN_BLOCK_CAPTURE_AUTORELEASING = YES;
				CLANG_WARN_BOOL_CONVERSION = YES;
				CLANG_WARN_COMMA = YES;
				CLANG_WARN_CONSTANT_CONVERSION = YES;
				CLANG_WARN_DIRECT_OBJC_ISA_USAGE = YES_ERROR;
				CLANG_WARN_DOCUMENTATION_COMMENTS = YES;
				CLANG_WARN_EMPTY_BODY = YES;
				CLANG_WARN_ENUM_CONVERSION = YES;
				CLANG_WARN_INFINITE_RECURSION = YES;
				CLANG_WARN_INT_CONVERSION = YES;
				CLANG_WARN_NON_LITERAL_NULL_CONVERSION = YES;
				CLANG_WARN_OBJC_LITERAL_CONVERSION = YES;
				CLANG_WARN_OBJC_ROOT_CLASS = YES_ERROR;
				CLANG_WARN_RANGE_LOOP_ANALYSIS = YES;
				CLANG_WARN_STRICT_PROTOTYPES = YES;
				CLANG_WARN_SUSPICIOUS_MOVE = YES;
				CLANG_WARN_UNGUARDED_AVAILABILITY = YES_AGGRESSIVE;
				CLANG_WARN_UNREACHABLE_CODE = YES;
				CLANG_WARN__DUPLICATE_METHOD_MATCH = YES;
				CODE_SIGN_IDENTITY = "iPhone Developer";
				COPY_PHASE_STRIP = NO;
				DEBUG_INFORMATION_FORMAT = dwarf;
				ENABLE_STRICT_OBJC_MSGSEND = YES;
				ENABLE_TESTABILITY = YES;
				GCC_C_LANGUAGE_STANDARD = gnu11;
				GCC_DYNAMIC_NO_PIC = NO;
				GCC_NO_COMMON_BLOCKS = YES;
				GCC_OPTIMIZATION_LEVEL = 0;
				GCC_PREPROCESSOR_DEFINITIONS = (
					"DEBUG=1",
					"$(inherited)",
				);
				GCC_WARN_64_TO_32_BIT_CONVERSION = YES;
				GCC_WARN_ABOUT_RETURN_TYPE = YES_ERROR;
				GCC_WARN_UNDECLARED_SELECTOR = YES;
				GCC_WARN_UNINITIALIZED_AUTOS = YES_AGGRESSIVE;
				GCC_WARN_UNUSED_FUNCTION = YES;
				GCC_WARN_UNUSED_VARIABLE = YES;
				IPHONEOS_DEPLOYMENT_TARGET = 11.2;
				MTL_ENABLE_DEBUG_INFO = YES;
				ONLY_ACTIVE_ARCH = YES;
				SDKROOT = iphoneos;
				SWIFT_ACTIVE_COMPILATION_CONDITIONS = DEBUG;
				SWIFT_OPTIMIZATION_LEVEL = "-Onone";
			};
			name = Debug;
		};
		04415A071FF47B2000E024DF /* Release */ = {
			isa = XCBuildConfiguration;
			buildSettings = {
				ALWAYS_SEARCH_USER_PATHS = NO;
				CLANG_ANALYZER_NONNULL = YES;
				CLANG_ANALYZER_NUMBER_OBJECT_CONVERSION = YES_AGGRESSIVE;
				CLANG_CXX_LANGUAGE_STANDARD = "gnu++14";
				CLANG_CXX_LIBRARY = "libc++";
				CLANG_ENABLE_MODULES = YES;
				CLANG_ENABLE_OBJC_ARC = YES;
				CLANG_WARN_BLOCK_CAPTURE_AUTORELEASING = YES;
				CLANG_WARN_BOOL_CONVERSION = YES;
				CLANG_WARN_COMMA = YES;
				CLANG_WARN_CONSTANT_CONVERSION = YES;
				CLANG_WARN_DIRECT_OBJC_ISA_USAGE = YES_ERROR;
				CLANG_WARN_DOCUMENTATION_COMMENTS = YES;
				CLANG_WARN_EMPTY_BODY = YES;
				CLANG_WARN_ENUM_CONVERSION = YES;
				CLANG_WARN_INFINITE_RECURSION = YES;
				CLANG_WARN_INT_CONVERSION = YES;
				CLANG_WARN_NON_LITERAL_NULL_CONVERSION = YES;
				CLANG_WARN_OBJC_LITERAL_CONVERSION = YES;
				CLANG_WARN_OBJC_ROOT_CLASS = YES_ERROR;
				CLANG_WARN_RANGE_LOOP_ANALYSIS = YES;
				CLANG_WARN_STRICT_PROTOTYPES = YES;
				CLANG_WARN_SUSPICIOUS_MOVE = YES;
				CLANG_WARN_UNGUARDED_AVAILABILITY = YES_AGGRESSIVE;
				CLANG_WARN_UNREACHABLE_CODE = YES;
				CLANG_WARN__DUPLICATE_METHOD_MATCH = YES;
				CODE_SIGN_IDENTITY = "iPhone Developer";
				COPY_PHASE_STRIP = NO;
				DEBUG_INFORMATION_FORMAT = "dwarf-with-dsym";
				ENABLE_NS_ASSERTIONS = NO;
				ENABLE_STRICT_OBJC_MSGSEND = YES;
				GCC_C_LANGUAGE_STANDARD = gnu11;
				GCC_NO_COMMON_BLOCKS = YES;
				GCC_WARN_64_TO_32_BIT_CONVERSION = YES;
				GCC_WARN_ABOUT_RETURN_TYPE = YES_ERROR;
				GCC_WARN_UNDECLARED_SELECTOR = YES;
				GCC_WARN_UNINITIALIZED_AUTOS = YES_AGGRESSIVE;
				GCC_WARN_UNUSED_FUNCTION = YES;
				GCC_WARN_UNUSED_VARIABLE = YES;
				IPHONEOS_DEPLOYMENT_TARGET = 11.2;
				MTL_ENABLE_DEBUG_INFO = NO;
				SDKROOT = iphoneos;
				SWIFT_OPTIMIZATION_LEVEL = "-Owholemodule";
				VALIDATE_PRODUCT = YES;
			};
			name = Release;
		};
		04415A091FF47B2000E024DF /* Debug */ = {
			isa = XCBuildConfiguration;
			baseConfigurationReference = 3333EB3C7A910040B4C73165 /* Pods-MusicStatistics.debug.xcconfig */;
			buildSettings = {
				ASSETCATALOG_COMPILER_APPICON_NAME = AppIcon;
				CODE_SIGN_STYLE = Automatic;
				DEVELOPMENT_TEAM = NDBTK98VL3;
				INFOPLIST_FILE = MusicStatistics/Info.plist;
				LD_RUNPATH_SEARCH_PATHS = "$(inherited) @executable_path/Frameworks";
				PRODUCT_BUNDLE_IDENTIFIER = jingweili.musicstat.MusicStatistics;
				PRODUCT_NAME = "$(TARGET_NAME)";
				SWIFT_VERSION = 4.0;
				TARGETED_DEVICE_FAMILY = "1,2";
			};
			name = Debug;
		};
		04415A0A1FF47B2000E024DF /* Release */ = {
			isa = XCBuildConfiguration;
			baseConfigurationReference = 04CD9BC6703B0D9D67CE7F94 /* Pods-MusicStatistics.release.xcconfig */;
			buildSettings = {
				ASSETCATALOG_COMPILER_APPICON_NAME = AppIcon;
				CODE_SIGN_STYLE = Automatic;
				DEVELOPMENT_TEAM = NDBTK98VL3;
				INFOPLIST_FILE = MusicStatistics/Info.plist;
				LD_RUNPATH_SEARCH_PATHS = "$(inherited) @executable_path/Frameworks";
				PRODUCT_BUNDLE_IDENTIFIER = jingweili.musicstat.MusicStatistics;
				PRODUCT_NAME = "$(TARGET_NAME)";
				SWIFT_VERSION = 4.0;
				TARGETED_DEVICE_FAMILY = "1,2";
			};
			name = Release;
		};
/* End XCBuildConfiguration section */

/* Begin XCConfigurationList section */
		044159EE1FF47B1F00E024DF /* Build configuration list for PBXProject "MusicStatistics" */ = {
			isa = XCConfigurationList;
			buildConfigurations = (
				04415A061FF47B2000E024DF /* Debug */,
				04415A071FF47B2000E024DF /* Release */,
			);
			defaultConfigurationIsVisible = 0;
			defaultConfigurationName = Release;
		};
		04415A081FF47B2000E024DF /* Build configuration list for PBXNativeTarget "MusicStatistics" */ = {
			isa = XCConfigurationList;
			buildConfigurations = (
				04415A091FF47B2000E024DF /* Debug */,
				04415A0A1FF47B2000E024DF /* Release */,
			);
			defaultConfigurationIsVisible = 0;
			defaultConfigurationName = Release;
		};
/* End XCConfigurationList section */

/* Begin XCVersionGroup section */
		048320A520157FD6007B91F1 /* analyticsModel.xcdatamodeld */ = {
			isa = XCVersionGroup;
			children = (
				048320A620157FD6007B91F1 /* analyticsModel.xcdatamodel */,
			);
			currentVersion = 048320A620157FD6007B91F1 /* analyticsModel.xcdatamodel */;
			path = analyticsModel.xcdatamodeld;
			sourceTree = "<group>";
			versionGroupType = wrapper.xcdatamodel;
		};
/* End XCVersionGroup section */
	};
	rootObject = 044159EB1FF47B1F00E024DF /* Project object */;
}
